
Microsoft Visual Studio Solution File, Format Version 12.00
# Visual Studio Version 17
VisualStudioVersion = 17.7.34031.279
MinimumVisualStudioVersion = 10.0.40219.1
Project("{9A19103F-16F7-4668-BE54-9A1E7A4F7556}") = "DynamicFormulas", "DynamicFormulas.csproj", "{6F0BE803-98AE-4D34-91E3-DA8D4ACEAF8D}"
EndProject
Global
	GlobalSection(SolutionConfigurationPlatforms) = preSolution
		Debug|Any CPU = Debug|Any CPU
		Release|Any CPU = Release|Any CPU
	EndGlobalSection
	GlobalSection(ProjectConfigurationPlatforms) = postSolution
		{6F0BE803-98AE-4D34-91E3-DA8D4ACEAF8D}.Debug|Any CPU.ActiveCfg = Debug|Any CPU
		{6F0BE803-98AE-4D34-91E3-DA8D4ACEAF8D}.Debug|Any CPU.Build.0 = Debug|Any CPU
		{6F0BE803-98AE-4D34-91E3-DA8D4ACEAF8D}.Release|Any CPU.ActiveCfg = Release|Any CPU
		{6F0BE803-98AE-4D34-91E3-DA8D4ACEAF8D}.Release|Any CPU.Build.0 = Release|Any CPU
	EndGlobalSection
	GlobalSection(SolutionProperties) = preSolution
		HideSolutionNode = FALSE
	EndGlobalSection
	GlobalSection(ExtensibilityGlobals) = postSolution
		SolutionGuid = {EAEBA6A1-F36B-4054-8C27-F67628F9B6A9}
	EndGlobalSection
EndGlobal
